# This file is generated by running "yarn install" inside your project.
# Manual changes might be lost - proceed with caution!

__metadata:
  version: 6
  cacheKey: 8

"@napi-rs/cli@npm:^2.18.0":
  version: 2.18.0
  resolution: "@napi-rs/cli@npm:2.18.0"
  bin:
    napi: scripts/index.js
  checksum: eadff1dda564416b66db44f5ea7088712f8cf66f6677082197e6d3ce5a57d9eabeb0d091b4d1685e8a4bd275ff1de684fca1ae84edd0f66dac82cb328acc068c
  languageName: node
  linkType: hard

"napi-leak@workspace:.":
  version: 0.0.0-use.local
  resolution: "napi-leak@workspace:."
  dependencies:
    "@napi-rs/cli": ^2.18.0
  languageName: unknown
  linkType: soft
